PODS:
  - GCDWebServer/Core (3.2.7)
  - GCDWebServer/WebDAV (3.2.7):
    - GCDWebServer/Core
  - LUKeychainAccess (1.2.5)
  - PEAR-AutoLayout-iOS (0.0.3)
  - PEAR-BlocksKit-iOS (0.0.4)
  - PEAR-CoreDataManager-iOS (0.0.3)
  - PEAR-DateUnixTime-iOS (1.0.0)
  - PEAR-FileManager-iOS (0.1.1)
  - PEAR-HttpFetcher-iOS (0.0.5)
  - PEAR-Indicator-iOS (0.1.1)
  - PEAR-KeyboardNotification-iOS (0.0.2)
  - PEAR-PropertyListManager-iOS (0.0.2)
  - PEAR-UIColorExtention-iOS (0.0.2)
  - PEAR-URLParser-iOS (0.0.6)

DEPENDENCIES:
  - GCDWebServer/WebDAV (~> 3.0)
  - LUKeychainAccess (~> 1.2.4)
  - PEAR-AutoLayout-iOS
  - PEAR-BlocksKit-iOS
  - PEAR-CoreDataManager-iOS
  - PEAR-DateUnixTime-iOS
  - PEAR-FileManager-iOS
  - PEAR-HttpFetcher-iOS
  - PEAR-Indicator-iOS
  - PEAR-KeyboardNotification-iOS
  - PEAR-PropertyListManager-iOS
  - PEAR-UIColorExtention-iOS
  - PEAR-URLParser-iOS

SPEC CHECKSUMS:
  GCDWebServer: 76a9540371d5f12f850b32ec7f555dd2d266e543
  LUKeychainAccess: d22fc00b33ad92c7532962b86daa94c14b85ecbe
  PEAR-AutoLayout-iOS: 5486f08f5b918b43b48f5a6dd364a2f00e514c00
  PEAR-BlocksKit-iOS: 1760b5cae4519000b9ffa0280f8732d9766a7c4d
  PEAR-CoreDataManager-iOS: 11a1e6f0a61ac49c4ee18262950e35688f0e74ed
  PEAR-DateUnixTime-iOS: 36e1880ee21c67484f0740ee9bb189dc24ab71f1
  PEAR-FileManager-iOS: 667a50f21d3932ba1dc1fa7c6d4bb03efb691c06
  PEAR-HttpFetcher-iOS: 6f7ce082abac43efd0f2b9a5417d387ab7c6ecb8
  PEAR-Indicator-iOS: 82de99cc08cdc661a8a0e3acf6518322652a5167
  PEAR-KeyboardNotification-iOS: b652b0b4e956bb4f1040ce2591eef02b9a19cf2e
  PEAR-PropertyListManager-iOS: 1d2eae1a7bc64721de860149906b01496ecc5c4f
  PEAR-UIColorExtention-iOS: c989fb889feb6bd901e3b744adf30c8f654729a1
  PEAR-URLParser-iOS: cacf10907f2ccffcad837422a0782c3a1ee9bbb3

COCOAPODS: 0.39.0
