// !$*UTF8*$!
{
	archiveVersion = 1;
	classes = {
	};
	objectVersion = 46;
	objects = {

/* Begin PBXBuildFile section */
		073552FB7613ED4EC433BE4A /* libPods.a in Frameworks */ = {isa = PBXBuildFile; fileRef = 1B2EF1F18A8D2AF9FD8F8D1B /* libPods.a */; };
		F40560731B3C2F24000B595A /* podfile in Resources */ = {isa = PBXBuildFile; fileRef = F40560721B3C2F24000B595A /* podfile */; };
		F4061C491B88396E00318F8D /* MoviePropertyList.plist in Resources */ = {isa = PBXBuildFile; fileRef = F4061C481B88396E00318F8D /* MoviePropertyList.plist */; };
		F4061C4C1B883AA000318F8D /* MoviePropertyManager.m in Sources */ = {isa = PBXBuildFile; fileRef = F4061C4B1B883AA000318F8D /* MoviePropertyManager.m */; };
		F40D442E1B646916005A2029 /* M3U8Serializer.m in Sources */ = {isa = PBXBuildFile; fileRef = F40D442D1B646916005A2029 /* M3U8Serializer.m */; };
		F40D44311B6472EE005A2029 /* URLParser.m in Sources */ = {isa = PBXBuildFile; fileRef = F40D44301B6472EE005A2029 /* URLParser.m */; };
		F40D44341B647375005A2029 /* URLEntity.m in Sources */ = {isa = PBXBuildFile; fileRef = F40D44331B647375005A2029 /* URLEntity.m */; };
		F40D443A1B6490AE005A2029 /* DownLoadMovieCoreDataEntity.m in Sources */ = {isa = PBXBuildFile; fileRef = F40D44391B6490AE005A2029 /* DownLoadMovieCoreDataEntity.m */; };
		F40D443D1B6490FD005A2029 /* DownLoadMovieCoreDataManager.m in Sources */ = {isa = PBXBuildFile; fileRef = F40D443C1B6490FD005A2029 /* DownLoadMovieCoreDataManager.m */; };
		F412EC0B1B5D0CC9007FEDD7 /* MovieDownloadController.m in Sources */ = {isa = PBXBuildFile; fileRef = F412EC0A1B5D0CC9007FEDD7 /* MovieDownloadController.m */; };
		F42719031B4E9E1400B6521A /* Logger.m in Sources */ = {isa = PBXBuildFile; fileRef = F42719021B4E9E1400B6521A /* Logger.m */; };
		F42775381B5204D2008082F8 /* RegularExpression.m in Sources */ = {isa = PBXBuildFile; fileRef = F42775371B5204D2008082F8 /* RegularExpression.m */; };
		F44B0F441B5C8C7C00A6B939 /* KeyChainData.m in Sources */ = {isa = PBXBuildFile; fileRef = F44B0F431B5C8C7C00A6B939 /* KeyChainData.m */; };
		F44B0F471B5C9F6E00A6B939 /* MovieDownloadFetcher.m in Sources */ = {isa = PBXBuildFile; fileRef = F44B0F461B5C9F6E00A6B939 /* MovieDownloadFetcher.m */; };
		F44B0F4A1B5CB92100A6B939 /* DirectoryFileManager.m in Sources */ = {isa = PBXBuildFile; fileRef = F44B0F491B5CB92100A6B939 /* DirectoryFileManager.m */; };
		F454A3A31BCB4A3E008F37CF /* UIColor+extention.m in Sources */ = {isa = PBXBuildFile; fileRef = F454A3A21BCB4A3E008F37CF /* UIColor+extention.m */; };
		F45915361B3E80C20041AAF9 /* MoviePlayerViewController.m in Sources */ = {isa = PBXBuildFile; fileRef = F45915351B3E80C20041AAF9 /* MoviePlayerViewController.m */; };
		F45962481B3E539900BFFFD2 /* DetailViewController.m in Sources */ = {isa = PBXBuildFile; fileRef = F45962471B3E539900BFFFD2 /* DetailViewController.m */; };
		F46167E11B775CBB0066C556 /* BaseContainerviewController.m in Sources */ = {isa = PBXBuildFile; fileRef = F46167E01B775CBB0066C556 /* BaseContainerviewController.m */; };
		F46853DA1B3AF62E00AF461D /* AppDelegate.m in Sources */ = {isa = PBXBuildFile; fileRef = F46853A61B3AF62E00AF461D /* AppDelegate.m */; };
		F46853DB1B3AF62E00AF461D /* LaunchScreen.xib in Resources */ = {isa = PBXBuildFile; fileRef = F46853A81B3AF62E00AF461D /* LaunchScreen.xib */; };
		F46853DC1B3AF62E00AF461D /* Main.storyboard in Resources */ = {isa = PBXBuildFile; fileRef = F46853AA1B3AF62E00AF461D /* Main.storyboard */; };
		F46853DD1B3AF62E00AF461D /* Images.xcassets in Resources */ = {isa = PBXBuildFile; fileRef = F46853AC1B3AF62E00AF461D /* Images.xcassets */; };
		F46853DF1B3AF62E00AF461D /* main.m in Sources */ = {isa = PBXBuildFile; fileRef = F46853AE1B3AF62E00AF461D /* main.m */; };
		F46853E01B3AF62E00AF461D /* WebAPIConst.m in Sources */ = {isa = PBXBuildFile; fileRef = F46853B11B3AF62E00AF461D /* WebAPIConst.m */; };
		F46853E11B3AF62E00AF461D /* MenuEntity.m in Sources */ = {isa = PBXBuildFile; fileRef = F46853B31B3AF62E00AF461D /* MenuEntity.m */; };
		F46853E21B3AF62E00AF461D /* WeatherEntity.m in Sources */ = {isa = PBXBuildFile; fileRef = F46853B51B3AF62E00AF461D /* WeatherEntity.m */; };
		F46853E31B3AF62E00AF461D /* WeatherFetcher.m in Sources */ = {isa = PBXBuildFile; fileRef = F46853B71B3AF62E00AF461D /* WeatherFetcher.m */; };
		F46853E51B3AF62E00AF461D /* SignupEntity.m in Sources */ = {isa = PBXBuildFile; fileRef = F46853BB1B3AF62E00AF461D /* SignupEntity.m */; };
		F46853E81B3AF62E00AF461D /* MovieCollectionViewCell.m in Sources */ = {isa = PBXBuildFile; fileRef = F46853C11B3AF62E00AF461D /* MovieCollectionViewCell.m */; };
		F46853EA1B3AF62E00AF461D /* MenuTableViewCell.m in Sources */ = {isa = PBXBuildFile; fileRef = F46853C41B3AF62E00AF461D /* MenuTableViewCell.m */; };
		F46853EC1B3AF62E00AF461D /* WeatherView.m in Sources */ = {isa = PBXBuildFile; fileRef = F46853C71B3AF62E00AF461D /* WeatherView.m */; };
		F46853EE1B3AF62E00AF461D /* SignupButtonTableViewCell.m in Sources */ = {isa = PBXBuildFile; fileRef = F46853CA1B3AF62E00AF461D /* SignupButtonTableViewCell.m */; };
		F46853F01B3AF62E00AF461D /* SignupTableViewCell.m in Sources */ = {isa = PBXBuildFile; fileRef = F46853CD1B3AF62E00AF461D /* SignupTableViewCell.m */; };
		F46853F11B3AF62E00AF461D /* SignupTableViewCell.xib in Resources */ = {isa = PBXBuildFile; fileRef = F46853CE1B3AF62E00AF461D /* SignupTableViewCell.xib */; };
		F46853F21B3AF62E00AF461D /* MovieCollectionViewController.m in Sources */ = {isa = PBXBuildFile; fileRef = F46853D11B3AF62E00AF461D /* MovieCollectionViewController.m */; };
		F46853F31B3AF62E00AF461D /* MenuTableViewController.m in Sources */ = {isa = PBXBuildFile; fileRef = F46853D31B3AF62E00AF461D /* MenuTableViewController.m */; };
		F46853F41B3AF62E00AF461D /* WeatherViewController.m in Sources */ = {isa = PBXBuildFile; fileRef = F46853D51B3AF62E00AF461D /* WeatherViewController.m */; };
		F46853F51B3AF62E00AF461D /* SignupTableViewController.m in Sources */ = {isa = PBXBuildFile; fileRef = F46853D71B3AF62E00AF461D /* SignupTableViewController.m */; };
		F46853F61B3AF62E00AF461D /* TopViewController.m in Sources */ = {isa = PBXBuildFile; fileRef = F46853D91B3AF62E00AF461D /* TopViewController.m */; };
		F468540A1B3AF69D00AF461D /* AnimationView.m in Sources */ = {isa = PBXBuildFile; fileRef = F46853F91B3AF69D00AF461D /* AnimationView.m */; };
		F468540B1B3AF69D00AF461D /* AutoLayout.m in Sources */ = {isa = PBXBuildFile; fileRef = F46853FB1B3AF69D00AF461D /* AutoLayout.m */; };
		F468540C1B3AF69D00AF461D /* NSString+Device.m in Sources */ = {isa = PBXBuildFile; fileRef = F46853FD1B3AF69D00AF461D /* NSString+Device.m */; };
		F468540D1B3AF69D00AF461D /* HttpFetcher.m in Sources */ = {isa = PBXBuildFile; fileRef = F46853FF1B3AF69D00AF461D /* HttpFetcher.m */; };
		F468540E1B3AF69D00AF461D /* NSJSONSerialization+Serialize.m in Sources */ = {isa = PBXBuildFile; fileRef = F46854011B3AF69D00AF461D /* NSJSONSerialization+Serialize.m */; };
		F468540F1B3AF69D00AF461D /* LocalServer.m in Sources */ = {isa = PBXBuildFile; fileRef = F46854031B3AF69D00AF461D /* LocalServer.m */; };
		F46854101B3AF69D00AF461D /* LocationFetcher.m in Sources */ = {isa = PBXBuildFile; fileRef = F46854051B3AF69D00AF461D /* LocationFetcher.m */; };
		F46854111B3AF69D00AF461D /* Notification.m in Sources */ = {isa = PBXBuildFile; fileRef = F46854071B3AF69D00AF461D /* Notification.m */; };
		F46B37811B48AC0E0051EB8E /* CoreDataManager.m in Sources */ = {isa = PBXBuildFile; fileRef = F46B37801B48AC0E0051EB8E /* CoreDataManager.m */; };
		F46B37861B48B2C40051EB8E /* CoreData.framework in Frameworks */ = {isa = PBXBuildFile; fileRef = F46B37851B48B2C40051EB8E /* CoreData.framework */; };
		F46B37931B48F35E0051EB8E /* LessonApp.xcdatamodeld in Sources */ = {isa = PBXBuildFile; fileRef = F46B37911B48F35E0051EB8E /* LessonApp.xcdatamodeld */; };
		F46E703A1B6501F200CF0FB5 /* NSData+extention.m in Sources */ = {isa = PBXBuildFile; fileRef = F46E70391B6501F200CF0FB5 /* NSData+extention.m */; };
		F46FE0661B67BB960083891A /* Connection.m in Sources */ = {isa = PBXBuildFile; fileRef = F46FE0651B67BB960083891A /* Connection.m */; };
		F46FE0691B6829DF0083891A /* PropertyListManager.m in Sources */ = {isa = PBXBuildFile; fileRef = F46FE0681B6829DF0083891A /* PropertyListManager.m */; };
		F46FE06C1B682CAB0083891A /* SignupPropertyManager.m in Sources */ = {isa = PBXBuildFile; fileRef = F46FE06B1B682CAB0083891A /* SignupPropertyManager.m */; };
		F46FE0821B683A330083891A /* MenuPropertyManager.m in Sources */ = {isa = PBXBuildFile; fileRef = F46FE0811B683A330083891A /* MenuPropertyManager.m */; };
		F477557E1B63FCE40056FEBA /* mario.png in Resources */ = {isa = PBXBuildFile; fileRef = F477557D1B63FCE40056FEBA /* mario.png */; };
		F489F81B1B1EA1860077BCFB /* CoreLocation.framework in Frameworks */ = {isa = PBXBuildFile; fileRef = F489F81A1B1EA1860077BCFB /* CoreLocation.framework */; };
		F4B1A5BE1B47BCC20000CC47 /* Thread.m in Sources */ = {isa = PBXBuildFile; fileRef = F4B1A5BD1B47BCC20000CC47 /* Thread.m */; };
		F4B52F241B63633C008D3799 /* MovieEntity.m in Sources */ = {isa = PBXBuildFile; fileRef = F4B52F231B63633C008D3799 /* MovieEntity.m */; };
		F4B52F261B636B43008D3799 /* MenuPropertyList.plist in Resources */ = {isa = PBXBuildFile; fileRef = F4B52F251B636B43008D3799 /* MenuPropertyList.plist */; };
		F4B52F281B636E5C008D3799 /* SignupPropertyList.plist in Resources */ = {isa = PBXBuildFile; fileRef = F4B52F271B636E5C008D3799 /* SignupPropertyList.plist */; };
		F4C81B7A1B482A2F00337B31 /* UIViewController+extention.m in Sources */ = {isa = PBXBuildFile; fileRef = F4C81B791B482A2F00337B31 /* UIViewController+extention.m */; };
		F4DA03051B40247E00E11F93 /* UITableViewCell+extention.m in Sources */ = {isa = PBXBuildFile; fileRef = F4DA03041B40247E00E11F93 /* UITableViewCell+extention.m */; };
		F4DA03081B4025FF00E11F93 /* UICollectionViewCell+extention.m in Sources */ = {isa = PBXBuildFile; fileRef = F4DA03071B4025FF00E11F93 /* UICollectionViewCell+extention.m */; };
		F4DA030B1B40269200E11F93 /* UIView+extention.m in Sources */ = {isa = PBXBuildFile; fileRef = F4DA030A1B40269200E11F93 /* UIView+extention.m */; };
/* End PBXBuildFile section */

/* Begin PBXFileReference section */
		1B2EF1F18A8D2AF9FD8F8D1B /* libPods.a */ = {isa = PBXFileReference; explicitFileType = archive.ar; includeInIndex = 0; path = libPods.a; sourceTree = BUILT_PRODUCTS_DIR; };
		605C897D4917DA12EE58A282 /* Pods.release.xcconfig */ = {isa = PBXFileReference; includeInIndex = 1; lastKnownFileType = text.xcconfig; name = Pods.release.xcconfig; path = "Pods/Target Support Files/Pods/Pods.release.xcconfig"; sourceTree = "<group>"; };
		AFAFD21AE9F87D19562F14C9 /* Pods.debug.xcconfig */ = {isa = PBXFileReference; includeInIndex = 1; lastKnownFileType = text.xcconfig; name = Pods.debug.xcconfig; path = "Pods/Target Support Files/Pods/Pods.debug.xcconfig"; sourceTree = "<group>"; };
		F40560721B3C2F24000B595A /* podfile */ = {isa = PBXFileReference; fileEncoding = 4; lastKnownFileType = text; path = podfile; sourceTree = "<group>"; xcLanguageSpecificationIdentifier = xcode.lang.ruby; };
		F4061C481B88396E00318F8D /* MoviePropertyList.plist */ = {isa = PBXFileReference; fileEncoding = 4; lastKnownFileType = text.plist.xml; name = MoviePropertyList.plist; path = LessonApp/Model/MoviePropertyList.plist; sourceTree = "<group>"; };
		F4061C4A1B883AA000318F8D /* MoviePropertyManager.h */ = {isa = PBXFileReference; fileEncoding = 4; lastKnownFileType = sourcecode.c.h; name = MoviePropertyManager.h; path = LessonApp/Model/MoviePropertyManager.h; sourceTree = "<group>"; };
		F4061C4B1B883AA000318F8D /* MoviePropertyManager.m */ = {isa = PBXFileReference; fileEncoding = 4; lastKnownFileType = sourcecode.c.objc; name = MoviePropertyManager.m; path = LessonApp/Model/MoviePropertyManager.m; sourceTree = "<group>"; };
		F40D442C1B646916005A2029 /* M3U8Serializer.h */ = {isa = PBXFileReference; fileEncoding = 4; lastKnownFileType = sourcecode.c.h; name = M3U8Serializer.h; path = library/M3U8Serializer.h; sourceTree = SOURCE_ROOT; };
		F40D442D1B646916005A2029 /* M3U8Serializer.m */ = {isa = PBXFileReference; fileEncoding = 4; lastKnownFileType = sourcecode.c.objc; name = M3U8Serializer.m; path = library/M3U8Serializer.m; sourceTree = SOURCE_ROOT; };
		F40D442F1B6472EE005A2029 /* URLParser.h */ = {isa = PBXFileReference; fileEncoding = 4; lastKnownFileType = sourcecode.c.h; name = URLParser.h; path = library/URLParser.h; sourceTree = SOURCE_ROOT; };
		F40D44301B6472EE005A2029 /* URLParser.m */ = {isa = PBXFileReference; fileEncoding = 4; lastKnownFileType = sourcecode.c.objc; name = URLParser.m; path = library/URLParser.m; sourceTree = SOURCE_ROOT; };
		F40D44321B647375005A2029 /* URLEntity.h */ = {isa = PBXFileReference; fileEncoding = 4; lastKnownFileType = sourcecode.c.h; name = URLEntity.h; path = ../LessonApp/Model/URLEntity.h; sourceTree = "<group>"; };
		F40D44331B647375005A2029 /* URLEntity.m */ = {isa = PBXFileReference; fileEncoding = 4; lastKnownFileType = sourcecode.c.objc; name = URLEntity.m; path = ../LessonApp/Model/URLEntity.m; sourceTree = "<group>"; };
		F40D44381B6490AE005A2029 /* DownLoadMovieCoreDataEntity.h */ = {isa = PBXFileReference; fileEncoding = 4; lastKnownFileType = sourcecode.c.h; path = DownLoadMovieCoreDataEntity.h; sourceTree = "<group>"; };
		F40D44391B6490AE005A2029 /* DownLoadMovieCoreDataEntity.m */ = {isa = PBXFileReference; fileEncoding = 4; lastKnownFileType = sourcecode.c.objc; path = DownLoadMovieCoreDataEntity.m; sourceTree = "<group>"; };
		F40D443B1B6490FD005A2029 /* DownLoadMovieCoreDataManager.h */ = {isa = PBXFileReference; fileEncoding = 4; lastKnownFileType = sourcecode.c.h; path = DownLoadMovieCoreDataManager.h; sourceTree = "<group>"; };
		F40D443C1B6490FD005A2029 /* DownLoadMovieCoreDataManager.m */ = {isa = PBXFileReference; fileEncoding = 4; lastKnownFileType = sourcecode.c.objc; path = DownLoadMovieCoreDataManager.m; sourceTree = "<group>"; };
		F412EC091B5D0CC9007FEDD7 /* MovieDownloadController.h */ = {isa = PBXFileReference; fileEncoding = 4; lastKnownFileType = sourcecode.c.h; name = MovieDownloadController.h; path = ../Model/MovieDownloadController.h; sourceTree = "<group>"; };
		F412EC0A1B5D0CC9007FEDD7 /* MovieDownloadController.m */ = {isa = PBXFileReference; fileEncoding = 4; lastKnownFileType = sourcecode.c.objc; name = MovieDownloadController.m; path = ../Model/MovieDownloadController.m; sourceTree = "<group>"; };
		F42719011B4E9E1400B6521A /* Logger.h */ = {isa = PBXFileReference; fileEncoding = 4; lastKnownFileType = sourcecode.c.h; path = Logger.h; sourceTree = "<group>"; };
		F42719021B4E9E1400B6521A /* Logger.m */ = {isa = PBXFileReference; fileEncoding = 4; lastKnownFileType = sourcecode.c.objc; path = Logger.m; sourceTree = "<group>"; };
		F42775361B5204D2008082F8 /* RegularExpression.h */ = {isa = PBXFileReference; fileEncoding = 4; lastKnownFileType = sourcecode.c.h; path = RegularExpression.h; sourceTree = "<group>"; };
		F42775371B5204D2008082F8 /* RegularExpression.m */ = {isa = PBXFileReference; fileEncoding = 4; lastKnownFileType = sourcecode.c.objc; path = RegularExpression.m; sourceTree = "<group>"; };
		F44B0F421B5C8C7C00A6B939 /* KeyChainData.h */ = {isa = PBXFileReference; fileEncoding = 4; lastKnownFileType = sourcecode.c.h; path = KeyChainData.h; sourceTree = "<group>"; };
		F44B0F431B5C8C7C00A6B939 /* KeyChainData.m */ = {isa = PBXFileReference; fileEncoding = 4; lastKnownFileType = sourcecode.c.objc; path = KeyChainData.m; sourceTree = "<group>"; };
		F44B0F451B5C9F6E00A6B939 /* MovieDownloadFetcher.h */ = {isa = PBXFileReference; fileEncoding = 4; lastKnownFileType = sourcecode.c.h; path = MovieDownloadFetcher.h; sourceTree = "<group>"; };
		F44B0F461B5C9F6E00A6B939 /* MovieDownloadFetcher.m */ = {isa = PBXFileReference; fileEncoding = 4; lastKnownFileType = sourcecode.c.objc; path = MovieDownloadFetcher.m; sourceTree = "<group>"; };
		F44B0F481B5CB92100A6B939 /* DirectoryFileManager.h */ = {isa = PBXFileReference; fileEncoding = 4; lastKnownFileType = sourcecode.c.h; path = DirectoryFileManager.h; sourceTree = "<group>"; };
		F44B0F491B5CB92100A6B939 /* DirectoryFileManager.m */ = {isa = PBXFileReference; fileEncoding = 4; lastKnownFileType = sourcecode.c.objc; path = DirectoryFileManager.m; sourceTree = "<group>"; };
		F454A3A11BCB4A3E008F37CF /* UIColor+extention.h */ = {isa = PBXFileReference; fileEncoding = 4; lastKnownFileType = sourcecode.c.h; path = "UIColor+extention.h"; sourceTree = "<group>"; };
		F454A3A21BCB4A3E008F37CF /* UIColor+extention.m */ = {isa = PBXFileReference; fileEncoding = 4; lastKnownFileType = sourcecode.c.objc; path = "UIColor+extention.m"; sourceTree = "<group>"; };
		F45915341B3E80C20041AAF9 /* MoviePlayerViewController.h */ = {isa = PBXFileReference; fileEncoding = 4; lastKnownFileType = sourcecode.c.h; path = MoviePlayerViewController.h; sourceTree = "<group>"; };
		F45915351B3E80C20041AAF9 /* MoviePlayerViewController.m */ = {isa = PBXFileReference; fileEncoding = 4; lastKnownFileType = sourcecode.c.objc; path = MoviePlayerViewController.m; sourceTree = "<group>"; };
		F45962461B3E539900BFFFD2 /* DetailViewController.h */ = {isa = PBXFileReference; fileEncoding = 4; lastKnownFileType = sourcecode.c.h; path = DetailViewController.h; sourceTree = "<group>"; };
		F45962471B3E539900BFFFD2 /* DetailViewController.m */ = {isa = PBXFileReference; fileEncoding = 4; lastKnownFileType = sourcecode.c.objc; path = DetailViewController.m; sourceTree = "<group>"; };
		F46167DF1B775CBB0066C556 /* BaseContainerviewController.h */ = {isa = PBXFileReference; fileEncoding = 4; lastKnownFileType = sourcecode.c.h; path = BaseContainerviewController.h; sourceTree = "<group>"; };
		F46167E01B775CBB0066C556 /* BaseContainerviewController.m */ = {isa = PBXFileReference; fileEncoding = 4; lastKnownFileType = sourcecode.c.objc; path = BaseContainerviewController.m; sourceTree = "<group>"; };
		F46853A51B3AF62E00AF461D /* AppDelegate.h */ = {isa = PBXFileReference; fileEncoding = 4; lastKnownFileType = sourcecode.c.h; name = AppDelegate.h; path = LessonApp/AppDelegate.h; sourceTree = "<group>"; };
		F46853A61B3AF62E00AF461D /* AppDelegate.m */ = {isa = PBXFileReference; fileEncoding = 4; lastKnownFileType = sourcecode.c.objc; name = AppDelegate.m; path = LessonApp/AppDelegate.m; sourceTree = "<group>"; };
		F46853A91B3AF62E00AF461D /* Base */ = {isa = PBXFileReference; lastKnownFileType = file.xib; name = Base; path = LaunchScreen.xib; sourceTree = "<group>"; };
		F46853AB1B3AF62E00AF461D /* Base */ = {isa = PBXFileReference; lastKnownFileType = file.storyboard; name = Base; path = Main.storyboard; sourceTree = "<group>"; };
		F46853AC1B3AF62E00AF461D /* Images.xcassets */ = {isa = PBXFileReference; lastKnownFileType = folder.assetcatalog; name = Images.xcassets; path = LessonApp/Images.xcassets; sourceTree = "<group>"; };
		F46853AD1B3AF62E00AF461D /* Info.plist */ = {isa = PBXFileReference; fileEncoding = 4; lastKnownFileType = text.plist.xml; name = Info.plist; path = LessonApp/Info.plist; sourceTree = "<group>"; };
		F46853AE1B3AF62E00AF461D /* main.m */ = {isa = PBXFileReference; fileEncoding = 4; lastKnownFileType = sourcecode.c.objc; name = main.m; path = LessonApp/main.m; sourceTree = "<group>"; };
		F46853B01B3AF62E00AF461D /* WebAPIConst.h */ = {isa = PBXFileReference; fileEncoding = 4; lastKnownFileType = sourcecode.c.h; path = WebAPIConst.h; sourceTree = "<group>"; };
		F46853B11B3AF62E00AF461D /* WebAPIConst.m */ = {isa = PBXFileReference; fileEncoding = 4; lastKnownFileType = sourcecode.c.objc; path = WebAPIConst.m; sourceTree = "<group>"; };
		F46853B21B3AF62E00AF461D /* MenuEntity.h */ = {isa = PBXFileReference; fileEncoding = 4; lastKnownFileType = sourcecode.c.h; name = MenuEntity.h; path = LessonApp/Model/MenuEntity.h; sourceTree = "<group>"; };
		F46853B31B3AF62E00AF461D /* MenuEntity.m */ = {isa = PBXFileReference; fileEncoding = 4; lastKnownFileType = sourcecode.c.objc; name = MenuEntity.m; path = LessonApp/Model/MenuEntity.m; sourceTree = "<group>"; };
		F46853B41B3AF62E00AF461D /* WeatherEntity.h */ = {isa = PBXFileReference; fileEncoding = 4; lastKnownFileType = sourcecode.c.h; name = WeatherEntity.h; path = ../Model/WeatherEntity.h; sourceTree = "<group>"; };
		F46853B51B3AF62E00AF461D /* WeatherEntity.m */ = {isa = PBXFileReference; fileEncoding = 4; lastKnownFileType = sourcecode.c.objc; name = WeatherEntity.m; path = ../Model/WeatherEntity.m; sourceTree = "<group>"; };
		F46853B61B3AF62E00AF461D /* WeatherFetcher.h */ = {isa = PBXFileReference; fileEncoding = 4; lastKnownFileType = sourcecode.c.h; name = WeatherFetcher.h; path = ../Model/WeatherFetcher.h; sourceTree = "<group>"; };
		F46853B71B3AF62E00AF461D /* WeatherFetcher.m */ = {isa = PBXFileReference; fileEncoding = 4; lastKnownFileType = sourcecode.c.objc; name = WeatherFetcher.m; path = ../Model/WeatherFetcher.m; sourceTree = "<group>"; };
		F46853BA1B3AF62E00AF461D /* SignupEntity.h */ = {isa = PBXFileReference; fileEncoding = 4; lastKnownFileType = sourcecode.c.h; name = SignupEntity.h; path = LessonApp/Model/SignupEntity.h; sourceTree = "<group>"; };
		F46853BB1B3AF62E00AF461D /* SignupEntity.m */ = {isa = PBXFileReference; fileEncoding = 4; lastKnownFileType = sourcecode.c.objc; name = SignupEntity.m; path = LessonApp/Model/SignupEntity.m; sourceTree = "<group>"; };
		F46853C01B3AF62E00AF461D /* MovieCollectionViewCell.h */ = {isa = PBXFileReference; fileEncoding = 4; lastKnownFileType = sourcecode.c.h; name = MovieCollectionViewCell.h; path = ../View/MovieCollectionViewCell.h; sourceTree = "<group>"; };
		F46853C11B3AF62E00AF461D /* MovieCollectionViewCell.m */ = {isa = PBXFileReference; fileEncoding = 4; lastKnownFileType = sourcecode.c.objc; name = MovieCollectionViewCell.m; path = ../View/MovieCollectionViewCell.m; sourceTree = "<group>"; };
		F46853C31B3AF62E00AF461D /* MenuTableViewCell.h */ = {isa = PBXFileReference; fileEncoding = 4; lastKnownFileType = sourcecode.c.h; name = MenuTableViewCell.h; path = ../View/MenuTableViewCell.h; sourceTree = "<group>"; };
		F46853C41B3AF62E00AF461D /* MenuTableViewCell.m */ = {isa = PBXFileReference; fileEncoding = 4; lastKnownFileType = sourcecode.c.objc; name = MenuTableViewCell.m; path = ../View/MenuTableViewCell.m; sourceTree = "<group>"; };
		F46853C61B3AF62E00AF461D /* WeatherView.h */ = {isa = PBXFileReference; fileEncoding = 4; lastKnownFileType = sourcecode.c.h; name = WeatherView.h; path = ../View/WeatherView.h; sourceTree = "<group>"; };
		F46853C71B3AF62E00AF461D /* WeatherView.m */ = {isa = PBXFileReference; fileEncoding = 4; lastKnownFileType = sourcecode.c.objc; name = WeatherView.m; path = ../View/WeatherView.m; sourceTree = "<group>"; };
		F46853C91B3AF62E00AF461D /* SignupButtonTableViewCell.h */ = {isa = PBXFileReference; fileEncoding = 4; lastKnownFileType = sourcecode.c.h; name = SignupButtonTableViewCell.h; path = ../View/SignupButtonTableViewCell.h; sourceTree = "<group>"; };
		F46853CA1B3AF62E00AF461D /* SignupButtonTableViewCell.m */ = {isa = PBXFileReference; fileEncoding = 4; lastKnownFileType = sourcecode.c.objc; name = SignupButtonTableViewCell.m; path = ../View/SignupButtonTableViewCell.m; sourceTree = "<group>"; };
		F46853CC1B3AF62E00AF461D /* SignupTableViewCell.h */ = {isa = PBXFileReference; fileEncoding = 4; lastKnownFileType = sourcecode.c.h; name = SignupTableViewCell.h; path = ../View/SignupTableViewCell.h; sourceTree = "<group>"; };
		F46853CD1B3AF62E00AF461D /* SignupTableViewCell.m */ = {isa = PBXFileReference; fileEncoding = 4; lastKnownFileType = sourcecode.c.objc; name = SignupTableViewCell.m; path = ../View/SignupTableViewCell.m; sourceTree = "<group>"; };
		F46853CE1B3AF62E00AF461D /* SignupTableViewCell.xib */ = {isa = PBXFileReference; fileEncoding = 4; lastKnownFileType = file.xib; name = SignupTableViewCell.xib; path = ../View/SignupTableViewCell.xib; sourceTree = "<group>"; };
		F46853D01B3AF62E00AF461D /* MovieCollectionViewController.h */ = {isa = PBXFileReference; fileEncoding = 4; lastKnownFileType = sourcecode.c.h; path = MovieCollectionViewController.h; sourceTree = "<group>"; };
		F46853D11B3AF62E00AF461D /* MovieCollectionViewController.m */ = {isa = PBXFileReference; fileEncoding = 4; lastKnownFileType = sourcecode.c.objc; path = MovieCollectionViewController.m; sourceTree = "<group>"; };
		F46853D21B3AF62E00AF461D /* MenuTableViewController.h */ = {isa = PBXFileReference; fileEncoding = 4; lastKnownFileType = sourcecode.c.h; path = MenuTableViewController.h; sourceTree = "<group>"; };
		F46853D31B3AF62E00AF461D /* MenuTableViewController.m */ = {isa = PBXFileReference; fileEncoding = 4; lastKnownFileType = sourcecode.c.objc; path = MenuTableViewController.m; sourceTree = "<group>"; };
		F46853D41B3AF62E00AF461D /* WeatherViewController.h */ = {isa = PBXFileReference; fileEncoding = 4; lastKnownFileType = sourcecode.c.h; path = WeatherViewController.h; sourceTree = "<group>"; };
		F46853D51B3AF62E00AF461D /* WeatherViewController.m */ = {isa = PBXFileReference; fileEncoding = 4; lastKnownFileType = sourcecode.c.objc; path = WeatherViewController.m; sourceTree = "<group>"; };
		F46853D61B3AF62E00AF461D /* SignupTableViewController.h */ = {isa = PBXFileReference; fileEncoding = 4; lastKnownFileType = sourcecode.c.h; path = SignupTableViewController.h; sourceTree = "<group>"; };
		F46853D71B3AF62E00AF461D /* SignupTableViewController.m */ = {isa = PBXFileReference; fileEncoding = 4; lastKnownFileType = sourcecode.c.objc; path = SignupTableViewController.m; sourceTree = "<group>"; };
		F46853D81B3AF62E00AF461D /* TopViewController.h */ = {isa = PBXFileReference; fileEncoding = 4; lastKnownFileType = sourcecode.c.h; path = TopViewController.h; sourceTree = "<group>"; };
		F46853D91B3AF62E00AF461D /* TopViewController.m */ = {isa = PBXFileReference; fileEncoding = 4; lastKnownFileType = sourcecode.c.objc; path = TopViewController.m; sourceTree = "<group>"; };
		F46853F81B3AF69D00AF461D /* AnimationView.h */ = {isa = PBXFileReference; fileEncoding = 4; lastKnownFileType = sourcecode.c.h; path = AnimationView.h; sourceTree = "<group>"; };
		F46853F91B3AF69D00AF461D /* AnimationView.m */ = {isa = PBXFileReference; fileEncoding = 4; lastKnownFileType = sourcecode.c.objc; path = AnimationView.m; sourceTree = "<group>"; };
		F46853FA1B3AF69D00AF461D /* AutoLayout.h */ = {isa = PBXFileReference; fileEncoding = 4; lastKnownFileType = sourcecode.c.h; path = AutoLayout.h; sourceTree = "<group>"; };
		F46853FB1B3AF69D00AF461D /* AutoLayout.m */ = {isa = PBXFileReference; fileEncoding = 4; lastKnownFileType = sourcecode.c.objc; path = AutoLayout.m; sourceTree = "<group>"; };
		F46853FC1B3AF69D00AF461D /* NSString+Device.h */ = {isa = PBXFileReference; fileEncoding = 4; lastKnownFileType = sourcecode.c.h; path = "NSString+Device.h"; sourceTree = "<group>"; };
		F46853FD1B3AF69D00AF461D /* NSString+Device.m */ = {isa = PBXFileReference; fileEncoding = 4; lastKnownFileType = sourcecode.c.objc; path = "NSString+Device.m"; sourceTree = "<group>"; };
		F46853FE1B3AF69D00AF461D /* HttpFetcher.h */ = {isa = PBXFileReference; fileEncoding = 4; lastKnownFileType = sourcecode.c.h; path = HttpFetcher.h; sourceTree = "<group>"; };
		F46853FF1B3AF69D00AF461D /* HttpFetcher.m */ = {isa = PBXFileReference; fileEncoding = 4; lastKnownFileType = sourcecode.c.objc; path = HttpFetcher.m; sourceTree = "<group>"; };
		F46854001B3AF69D00AF461D /* NSJSONSerialization+Serialize.h */ = {isa = PBXFileReference; fileEncoding = 4; lastKnownFileType = sourcecode.c.h; path = "NSJSONSerialization+Serialize.h"; sourceTree = "<group>"; };
		F46854011B3AF69D00AF461D /* NSJSONSerialization+Serialize.m */ = {isa = PBXFileReference; fileEncoding = 4; lastKnownFileType = sourcecode.c.objc; path = "NSJSONSerialization+Serialize.m"; sourceTree = "<group>"; };
		F46854021B3AF69D00AF461D /* LocalServer.h */ = {isa = PBXFileReference; fileEncoding = 4; lastKnownFileType = sourcecode.c.h; name = LocalServer.h; path = ../../library/LocalServer.h; sourceTree = "<group>"; };
		F46854031B3AF69D00AF461D /* LocalServer.m */ = {isa = PBXFileReference; fileEncoding = 4; lastKnownFileType = sourcecode.c.objc; name = LocalServer.m; path = ../../library/LocalServer.m; sourceTree = "<group>"; };
		F46854041B3AF69D00AF461D /* LocationFetcher.h */ = {isa = PBXFileReference; fileEncoding = 4; lastKnownFileType = sourcecode.c.h; path = LocationFetcher.h; sourceTree = "<group>"; };
		F46854051B3AF69D00AF461D /* LocationFetcher.m */ = {isa = PBXFileReference; fileEncoding = 4; lastKnownFileType = sourcecode.c.objc; path = LocationFetcher.m; sourceTree = "<group>"; };
		F46854061B3AF69D00AF461D /* Notification.h */ = {isa = PBXFileReference; fileEncoding = 4; lastKnownFileType = sourcecode.c.h; path = Notification.h; sourceTree = "<group>"; };
		F46854071B3AF69D00AF461D /* Notification.m */ = {isa = PBXFileReference; fileEncoding = 4; lastKnownFileType = sourcecode.c.objc; path = Notification.m; sourceTree = "<group>"; };
		F46854161B3C1FBE00AF461D /* LessonAppPrefixHeader.pch */ = {isa = PBXFileReference; lastKnownFileType = sourcecode.c.h; name = LessonAppPrefixHeader.pch; path = LessonApp/LessonAppPrefixHeader.pch; sourceTree = "<group>"; };
		F46B377F1B48AC0E0051EB8E /* CoreDataManager.h */ = {isa = PBXFileReference; fileEncoding = 4; lastKnownFileType = sourcecode.c.h; name = CoreDataManager.h; path = ../LessonApp/Model/CoreDataManager.h; sourceTree = "<group>"; };
		F46B37801B48AC0E0051EB8E /* CoreDataManager.m */ = {isa = PBXFileReference; fileEncoding = 4; lastKnownFileType = sourcecode.c.objc; name = CoreDataManager.m; path = ../LessonApp/Model/CoreDataManager.m; sourceTree = "<group>"; };
		F46B37851B48B2C40051EB8E /* CoreData.framework */ = {isa = PBXFileReference; lastKnownFileType = wrapper.framework; name = CoreData.framework; path = System/Library/Frameworks/CoreData.framework; sourceTree = SDKROOT; };
		F46B37921B48F35E0051EB8E /* LessonApp.xcdatamodel */ = {isa = PBXFileReference; lastKnownFileType = wrapper.xcdatamodel; path = LessonApp.xcdatamodel; sourceTree = "<group>"; };
		F46E70381B6501F200CF0FB5 /* NSData+extention.h */ = {isa = PBXFileReference; fileEncoding = 4; lastKnownFileType = sourcecode.c.h; path = "NSData+extention.h"; sourceTree = "<group>"; };
		F46E70391B6501F200CF0FB5 /* NSData+extention.m */ = {isa = PBXFileReference; fileEncoding = 4; lastKnownFileType = sourcecode.c.objc; path = "NSData+extention.m"; sourceTree = "<group>"; };
		F46FE0641B67BB960083891A /* Connection.h */ = {isa = PBXFileReference; fileEncoding = 4; lastKnownFileType = sourcecode.c.h; path = Connection.h; sourceTree = "<group>"; };
		F46FE0651B67BB960083891A /* Connection.m */ = {isa = PBXFileReference; fileEncoding = 4; lastKnownFileType = sourcecode.c.objc; path = Connection.m; sourceTree = "<group>"; };
		F46FE0671B6829DF0083891A /* PropertyListManager.h */ = {isa = PBXFileReference; fileEncoding = 4; lastKnownFileType = sourcecode.c.h; path = PropertyListManager.h; sourceTree = "<group>"; };
		F46FE0681B6829DF0083891A /* PropertyListManager.m */ = {isa = PBXFileReference; fileEncoding = 4; lastKnownFileType = sourcecode.c.objc; path = PropertyListManager.m; sourceTree = "<group>"; };
		F46FE06A1B682CAB0083891A /* SignupPropertyManager.h */ = {isa = PBXFileReference; fileEncoding = 4; lastKnownFileType = sourcecode.c.h; name = SignupPropertyManager.h; path = LessonApp/Model/SignupPropertyManager.h; sourceTree = SOURCE_ROOT; };
		F46FE06B1B682CAB0083891A /* SignupPropertyManager.m */ = {isa = PBXFileReference; fileEncoding = 4; lastKnownFileType = sourcecode.c.objc; name = SignupPropertyManager.m; path = LessonApp/Model/SignupPropertyManager.m; sourceTree = SOURCE_ROOT; };
		F46FE0801B683A330083891A /* MenuPropertyManager.h */ = {isa = PBXFileReference; fileEncoding = 4; lastKnownFileType = sourcecode.c.h; name = MenuPropertyManager.h; path = LessonApp/Model/MenuPropertyManager.h; sourceTree = "<group>"; };
		F46FE0811B683A330083891A /* MenuPropertyManager.m */ = {isa = PBXFileReference; fileEncoding = 4; lastKnownFileType = sourcecode.c.objc; name = MenuPropertyManager.m; path = LessonApp/Model/MenuPropertyManager.m; sourceTree = "<group>"; };
		F477557D1B63FCE40056FEBA /* mario.png */ = {isa = PBXFileReference; lastKnownFileType = image.png; path = mario.png; sourceTree = "<group>"; };
		F489F81A1B1EA1860077BCFB /* CoreLocation.framework */ = {isa = PBXFileReference; lastKnownFileType = wrapper.framework; name = CoreLocation.framework; path = System/Library/Frameworks/CoreLocation.framework; sourceTree = SDKROOT; };
		F4B1A5BC1B47BCC20000CC47 /* Thread.h */ = {isa = PBXFileReference; fileEncoding = 4; lastKnownFileType = sourcecode.c.h; path = Thread.h; sourceTree = "<group>"; };
		F4B1A5BD1B47BCC20000CC47 /* Thread.m */ = {isa = PBXFileReference; fileEncoding = 4; lastKnownFileType = sourcecode.c.objc; path = Thread.m; sourceTree = "<group>"; };
		F4B52F221B63633C008D3799 /* MovieEntity.h */ = {isa = PBXFileReference; fileEncoding = 4; lastKnownFileType = sourcecode.c.h; name = MovieEntity.h; path = LessonApp/Model/MovieEntity.h; sourceTree = SOURCE_ROOT; };
		F4B52F231B63633C008D3799 /* MovieEntity.m */ = {isa = PBXFileReference; fileEncoding = 4; lastKnownFileType = sourcecode.c.objc; name = MovieEntity.m; path = LessonApp/Model/MovieEntity.m; sourceTree = SOURCE_ROOT; };
		F4B52F251B636B43008D3799 /* MenuPropertyList.plist */ = {isa = PBXFileReference; fileEncoding = 4; lastKnownFileType = text.plist.xml; name = MenuPropertyList.plist; path = LessonApp/Model/MenuPropertyList.plist; sourceTree = SOURCE_ROOT; };
		F4B52F271B636E5C008D3799 /* SignupPropertyList.plist */ = {isa = PBXFileReference; fileEncoding = 4; lastKnownFileType = text.plist.xml; name = SignupPropertyList.plist; path = LessonApp/Model/SignupPropertyList.plist; sourceTree = SOURCE_ROOT; };
		F4B6D0631B4C04C300F1D4DC /* LessonApp.app */ = {isa = PBXFileReference; explicitFileType = wrapper.application; includeInIndex = 0; path = LessonApp.app; sourceTree = BUILT_PRODUCTS_DIR; };
		F4C81B781B482A2F00337B31 /* UIViewController+extention.h */ = {isa = PBXFileReference; fileEncoding = 4; lastKnownFileType = sourcecode.c.h; name = "UIViewController+extention.h"; path = "../LessonApp/ViewController/UIViewController+extention.h"; sourceTree = "<group>"; };
		F4C81B791B482A2F00337B31 /* UIViewController+extention.m */ = {isa = PBXFileReference; fileEncoding = 4; lastKnownFileType = sourcecode.c.objc; name = "UIViewController+extention.m"; path = "../LessonApp/ViewController/UIViewController+extention.m"; sourceTree = "<group>"; };
		F4DA03031B40247E00E11F93 /* UITableViewCell+extention.h */ = {isa = PBXFileReference; fileEncoding = 4; lastKnownFileType = sourcecode.c.h; path = "UITableViewCell+extention.h"; sourceTree = "<group>"; };
		F4DA03041B40247E00E11F93 /* UITableViewCell+extention.m */ = {isa = PBXFileReference; fileEncoding = 4; lastKnownFileType = sourcecode.c.objc; path = "UITableViewCell+extention.m"; sourceTree = "<group>"; };
		F4DA03061B4025FF00E11F93 /* UICollectionViewCell+extention.h */ = {isa = PBXFileReference; fileEncoding = 4; lastKnownFileType = sourcecode.c.h; path = "UICollectionViewCell+extention.h"; sourceTree = "<group>"; };
		F4DA03071B4025FF00E11F93 /* UICollectionViewCell+extention.m */ = {isa = PBXFileReference; fileEncoding = 4; lastKnownFileType = sourcecode.c.objc; path = "UICollectionViewCell+extention.m"; sourceTree = "<group>"; };
		F4DA03091B40269200E11F93 /* UIView+extention.h */ = {isa = PBXFileReference; fileEncoding = 4; lastKnownFileType = sourcecode.c.h; path = "UIView+extention.h"; sourceTree = "<group>"; };
		F4DA030A1B40269200E11F93 /* UIView+extention.m */ = {isa = PBXFileReference; fileEncoding = 4; lastKnownFileType = sourcecode.c.objc; path = "UIView+extention.m"; sourceTree = "<group>"; };
/* End PBXFileReference section */

/* Begin PBXFrameworksBuildPhase section */
		F489F7DC1B1D4EF70077BCFB /* Frameworks */ = {
			isa = PBXFrameworksBuildPhase;
			buildActionMask = 2147483647;
			files = (
				F46B37861B48B2C40051EB8E /* CoreData.framework in Frameworks */,
				F489F81B1B1EA1860077BCFB /* CoreLocation.framework in Frameworks */,
				073552FB7613ED4EC433BE4A /* libPods.a in Frameworks */,
			);
			runOnlyForDeploymentPostprocessing = 0;
		};
/* End PBXFrameworksBuildPhase section */

/* Begin PBXGroup section */
		990C654DDF764BA12CE3D0EB /* Pods */ = {
			isa = PBXGroup;
			children = (
				AFAFD21AE9F87D19562F14C9 /* Pods.debug.xcconfig */,
				605C897D4917DA12EE58A282 /* Pods.release.xcconfig */,
			);
			name = Pods;
			sourceTree = "<group>";
		};
		F46853F71B3AF69D00AF461D /* Library */ = {
			isa = PBXGroup;
			children = (
				F40D442F1B6472EE005A2029 /* URLParser.h */,
				F40D44301B6472EE005A2029 /* URLParser.m */,
				F40D44321B647375005A2029 /* URLEntity.h */,
				F40D44331B647375005A2029 /* URLEntity.m */,
				F40D442C1B646916005A2029 /* M3U8Serializer.h */,
				F40D442D1B646916005A2029 /* M3U8Serializer.m */,
				F44B0F481B5CB92100A6B939 /* DirectoryFileManager.h */,
				F44B0F491B5CB92100A6B939 /* DirectoryFileManager.m */,
				F42775361B5204D2008082F8 /* RegularExpression.h */,
				F42775371B5204D2008082F8 /* RegularExpression.m */,
				F46853FE1B3AF69D00AF461D /* HttpFetcher.h */,
				F46853FF1B3AF69D00AF461D /* HttpFetcher.m */,
				F46B377F1B48AC0E0051EB8E /* CoreDataManager.h */,
				F46B37801B48AC0E0051EB8E /* CoreDataManager.m */,
				F46853F81B3AF69D00AF461D /* AnimationView.h */,
				F46853F91B3AF69D00AF461D /* AnimationView.m */,
				F46853FA1B3AF69D00AF461D /* AutoLayout.h */,
				F46853FB1B3AF69D00AF461D /* AutoLayout.m */,
				F46854041B3AF69D00AF461D /* LocationFetcher.h */,
				F46854051B3AF69D00AF461D /* LocationFetcher.m */,
				F46854061B3AF69D00AF461D /* Notification.h */,
				F46854071B3AF69D00AF461D /* Notification.m */,
				F4B1A5BC1B47BCC20000CC47 /* Thread.h */,
				F4B1A5BD1B47BCC20000CC47 /* Thread.m */,
				F42719011B4E9E1400B6521A /* Logger.h */,
				F42719021B4E9E1400B6521A /* Logger.m */,
				F44B0F421B5C8C7C00A6B939 /* KeyChainData.h */,
				F44B0F431B5C8C7C00A6B939 /* KeyChainData.m */,
				F46853FC1B3AF69D00AF461D /* NSString+Device.h */,
				F46853FD1B3AF69D00AF461D /* NSString+Device.m */,
				F46854001B3AF69D00AF461D /* NSJSONSerialization+Serialize.h */,
				F46854011B3AF69D00AF461D /* NSJSONSerialization+Serialize.m */,
				F4DA03091B40269200E11F93 /* UIView+extention.h */,
				F4DA030A1B40269200E11F93 /* UIView+extention.m */,
				F4DA03031B40247E00E11F93 /* UITableViewCell+extention.h */,
				F4DA03041B40247E00E11F93 /* UITableViewCell+extention.m */,
				F4DA03061B4025FF00E11F93 /* UICollectionViewCell+extention.h */,
				F4DA03071B4025FF00E11F93 /* UICollectionViewCell+extention.m */,
				F4C81B781B482A2F00337B31 /* UIViewController+extention.h */,
				F4C81B791B482A2F00337B31 /* UIViewController+extention.m */,
				F46E70381B6501F200CF0FB5 /* NSData+extention.h */,
				F46E70391B6501F200CF0FB5 /* NSData+extention.m */,
				F46FE0641B67BB960083891A /* Connection.h */,
				F46FE0651B67BB960083891A /* Connection.m */,
				F46FE0671B6829DF0083891A /* PropertyListManager.h */,
				F46FE0681B6829DF0083891A /* PropertyListManager.m */,
				F46167DF1B775CBB0066C556 /* BaseContainerviewController.h */,
				F46167E01B775CBB0066C556 /* BaseContainerviewController.m */,
				F454A3A11BCB4A3E008F37CF /* UIColor+extention.h */,
				F454A3A21BCB4A3E008F37CF /* UIColor+extention.m */,
			);
			name = Library;
			path = library;
			sourceTree = "<group>";
		};
		F469ED331B5A106E00CD78C6 /* WebAPI */ = {
			isa = PBXGroup;
			children = (
				F46853B01B3AF62E00AF461D /* WebAPIConst.h */,
				F46853B11B3AF62E00AF461D /* WebAPIConst.m */,
				F4B52F171B63481A008D3799 /* Weather */,
				F469ED361B5A10E300CD78C6 /* MovieDownload */,
			);
			name = WebAPI;
			path = LessonApp/Model;
			sourceTree = "<group>";
		};
		F469ED361B5A10E300CD78C6 /* MovieDownload */ = {
			isa = PBXGroup;
			children = (
				F44B0F451B5C9F6E00A6B939 /* MovieDownloadFetcher.h */,
				F44B0F461B5C9F6E00A6B939 /* MovieDownloadFetcher.m */,
			);
			name = MovieDownload;
			sourceTree = "<group>";
		};
		F46B378D1B48C0E20051EB8E /* CoreData */ = {
			isa = PBXGroup;
			children = (
				F46B37911B48F35E0051EB8E /* LessonApp.xcdatamodeld */,
				F46FE0771B6837AA0083891A /* DownLoadMovie */,
			);
			name = CoreData;
			path = LessonApp/Model;
			sourceTree = "<group>";
		};
		F46FE06E1B6835870083891A /* controller */ = {
			isa = PBXGroup;
			children = (
				F46853D61B3AF62E00AF461D /* SignupTableViewController.h */,
				F46853D71B3AF62E00AF461D /* SignupTableViewController.m */,
			);
			name = controller;
			sourceTree = "<group>";
		};
		F46FE06F1B6835930083891A /* view */ = {
			isa = PBXGroup;
			children = (
				F46853C91B3AF62E00AF461D /* SignupButtonTableViewCell.h */,
				F46853CA1B3AF62E00AF461D /* SignupButtonTableViewCell.m */,
				F46853CC1B3AF62E00AF461D /* SignupTableViewCell.h */,
				F46853CD1B3AF62E00AF461D /* SignupTableViewCell.m */,
				F46853CE1B3AF62E00AF461D /* SignupTableViewCell.xib */,
			);
			name = view;
			sourceTree = "<group>";
		};
		F46FE0701B6835A40083891A /* controller */ = {
			isa = PBXGroup;
			children = (
				F412EC091B5D0CC9007FEDD7 /* MovieDownloadController.h */,
				F412EC0A1B5D0CC9007FEDD7 /* MovieDownloadController.m */,
				F46853D01B3AF62E00AF461D /* MovieCollectionViewController.h */,
				F46853D11B3AF62E00AF461D /* MovieCollectionViewController.m */,
			);
			name = controller;
			sourceTree = "<group>";
		};
		F46FE0711B6835AF0083891A /* view */ = {
			isa = PBXGroup;
			children = (
				F46853C01B3AF62E00AF461D /* MovieCollectionViewCell.h */,
				F46853C11B3AF62E00AF461D /* MovieCollectionViewCell.m */,
			);
			name = view;
			sourceTree = "<group>";
		};
		F46FE0731B6836130083891A /* controller */ = {
			isa = PBXGroup;
			children = (
				F46853D41B3AF62E00AF461D /* WeatherViewController.h */,
				F46853D51B3AF62E00AF461D /* WeatherViewController.m */,
			);
			name = controller;
			sourceTree = "<group>";
		};
		F46FE0741B68361E0083891A /* view */ = {
			isa = PBXGroup;
			children = (
				F46853C61B3AF62E00AF461D /* WeatherView.h */,
				F46853C71B3AF62E00AF461D /* WeatherView.m */,
			);
			name = view;
			sourceTree = "<group>";
		};
		F46FE0761B68376E0083891A /* PropertyList */ = {
			isa = PBXGroup;
			children = (
				F46FE07A1B6838F90083891A /* Menu */,
				F46FE0791B6838AE0083891A /* Movie */,
				F46FE0781B6838760083891A /* Signup */,
			);
			name = PropertyList;
			sourceTree = "<group>";
		};
		F46FE0771B6837AA0083891A /* DownLoadMovie */ = {
			isa = PBXGroup;
			children = (
				F40D44381B6490AE005A2029 /* DownLoadMovieCoreDataEntity.h */,
				F40D44391B6490AE005A2029 /* DownLoadMovieCoreDataEntity.m */,
				F40D443B1B6490FD005A2029 /* DownLoadMovieCoreDataManager.h */,
				F40D443C1B6490FD005A2029 /* DownLoadMovieCoreDataManager.m */,
			);
			name = DownLoadMovie;
			sourceTree = "<group>";
		};
		F46FE0781B6838760083891A /* Signup */ = {
			isa = PBXGroup;
			children = (
				F46FE06A1B682CAB0083891A /* SignupPropertyManager.h */,
				F46FE06B1B682CAB0083891A /* SignupPropertyManager.m */,
				F46853BA1B3AF62E00AF461D /* SignupEntity.h */,
				F46853BB1B3AF62E00AF461D /* SignupEntity.m */,
				F4B52F271B636E5C008D3799 /* SignupPropertyList.plist */,
			);
			name = Signup;
			sourceTree = "<group>";
		};
		F46FE0791B6838AE0083891A /* Movie */ = {
			isa = PBXGroup;
			children = (
				F4B52F221B63633C008D3799 /* MovieEntity.h */,
				F4B52F231B63633C008D3799 /* MovieEntity.m */,
				F4061C481B88396E00318F8D /* MoviePropertyList.plist */,
				F4061C4A1B883AA000318F8D /* MoviePropertyManager.h */,
				F4061C4B1B883AA000318F8D /* MoviePropertyManager.m */,
			);
			name = Movie;
			sourceTree = "<group>";
		};
		F46FE07A1B6838F90083891A /* Menu */ = {
			isa = PBXGroup;
			children = (
				F46853B21B3AF62E00AF461D /* MenuEntity.h */,
				F46853B31B3AF62E00AF461D /* MenuEntity.m */,
				F46FE0801B683A330083891A /* MenuPropertyManager.h */,
				F46FE0811B683A330083891A /* MenuPropertyManager.m */,
				F4B52F251B636B43008D3799 /* MenuPropertyList.plist */,
			);
			name = Menu;
			sourceTree = "<group>";
		};
		F46FE07B1B68390C0083891A /* view */ = {
			isa = PBXGroup;
			children = (
				F46853C31B3AF62E00AF461D /* MenuTableViewCell.h */,
				F46853C41B3AF62E00AF461D /* MenuTableViewCell.m */,
			);
			name = view;
			sourceTree = "<group>";
		};
		F46FE07C1B6839140083891A /* controller */ = {
			isa = PBXGroup;
			children = (
				F46853D21B3AF62E00AF461D /* MenuTableViewController.h */,
				F46853D31B3AF62E00AF461D /* MenuTableViewController.m */,
			);
			name = controller;
			sourceTree = "<group>";
		};
		F46FE0831B683ECF0083891A /* Model */ = {
			isa = PBXGroup;
			children = (
				F46FE0761B68376E0083891A /* PropertyList */,
				F469ED331B5A106E00CD78C6 /* WebAPI */,
				F46B378D1B48C0E20051EB8E /* CoreData */,
			);
			name = Model;
			sourceTree = "<group>";
		};
		F46FE0841B683EF50083891A /* View/Controller */ = {
			isa = PBXGroup;
			children = (
				F4B52F1E1B635FBF008D3799 /* Storyboard_Image */,
				F4B52F091B63433E008D3799 /* DetailView */,
				F4B52F081B63432E008D3799 /* TopView */,
			);
			name = View/Controller;
			sourceTree = "<group>";
		};
		F489F7D61B1D4EF60077BCFB = {
			isa = PBXGroup;
			children = (
				F477557D1B63FCE40056FEBA /* mario.png */,
				F4B52F211B6360F6008D3799 /* App */,
				F46853F71B3AF69D00AF461D /* Library */,
				F4B52F201B63608A008D3799 /* etc */,
				F4B6D0631B4C04C300F1D4DC /* LessonApp.app */,
			);
			sourceTree = "<group>";
		};
		F4B52F081B63432E008D3799 /* TopView */ = {
			isa = PBXGroup;
			children = (
				F4B52F181B634829008D3799 /* WeatherVIew */,
				F4B52F111B6343DB008D3799 /* SignupView */,
				F4B52F0E1B6343A2008D3799 /* MovieView */,
				F4B52F0A1B634358008D3799 /* MenuView */,
				F46853D81B3AF62E00AF461D /* TopViewController.h */,
				F46853D91B3AF62E00AF461D /* TopViewController.m */,
			);
			name = TopView;
			path = LessonApp/ViewController;
			sourceTree = "<group>";
		};
		F4B52F091B63433E008D3799 /* DetailView */ = {
			isa = PBXGroup;
			children = (
				F4B52F1B1B634875008D3799 /* MovieView */,
				F45962461B3E539900BFFFD2 /* DetailViewController.h */,
				F45962471B3E539900BFFFD2 /* DetailViewController.m */,
			);
			name = DetailView;
			path = LessonApp/ViewController;
			sourceTree = "<group>";
		};
		F4B52F0A1B634358008D3799 /* MenuView */ = {
			isa = PBXGroup;
			children = (
				F46FE07C1B6839140083891A /* controller */,
				F46FE07B1B68390C0083891A /* view */,
			);
			name = MenuView;
			sourceTree = "<group>";
		};
		F4B52F0E1B6343A2008D3799 /* MovieView */ = {
			isa = PBXGroup;
			children = (
				F46FE0711B6835AF0083891A /* view */,
				F46FE0701B6835A40083891A /* controller */,
			);
			name = MovieView;
			sourceTree = "<group>";
		};
		F4B52F111B6343DB008D3799 /* SignupView */ = {
			isa = PBXGroup;
			children = (
				F46FE06F1B6835930083891A /* view */,
				F46FE06E1B6835870083891A /* controller */,
			);
			name = SignupView;
			sourceTree = "<group>";
		};
		F4B52F171B63481A008D3799 /* Weather */ = {
			isa = PBXGroup;
			children = (
				F46853B41B3AF62E00AF461D /* WeatherEntity.h */,
				F46853B51B3AF62E00AF461D /* WeatherEntity.m */,
				F46853B61B3AF62E00AF461D /* WeatherFetcher.h */,
				F46853B71B3AF62E00AF461D /* WeatherFetcher.m */,
			);
			name = Weather;
			path = ../ViewController;
			sourceTree = "<group>";
		};
		F4B52F181B634829008D3799 /* WeatherVIew */ = {
			isa = PBXGroup;
			children = (
				F46FE0741B68361E0083891A /* view */,
				F46FE0731B6836130083891A /* controller */,
			);
			name = WeatherVIew;
			sourceTree = "<group>";
		};
		F4B52F1B1B634875008D3799 /* MovieView */ = {
			isa = PBXGroup;
			children = (
				F46854021B3AF69D00AF461D /* LocalServer.h */,
				F46854031B3AF69D00AF461D /* LocalServer.m */,
				F45915341B3E80C20041AAF9 /* MoviePlayerViewController.h */,
				F45915351B3E80C20041AAF9 /* MoviePlayerViewController.m */,
			);
			name = MovieView;
			sourceTree = "<group>";
		};
		F4B52F1E1B635FBF008D3799 /* Storyboard_Image */ = {
			isa = PBXGroup;
			children = (
				F46853AC1B3AF62E00AF461D /* Images.xcassets */,
				F46853A81B3AF62E00AF461D /* LaunchScreen.xib */,
				F46853AA1B3AF62E00AF461D /* Main.storyboard */,
			);
			name = Storyboard_Image;
			sourceTree = "<group>";
		};
		F4B52F1F1B63603C008D3799 /* plist */ = {
			isa = PBXGroup;
			children = (
				F46853AD1B3AF62E00AF461D /* Info.plist */,
			);
			name = plist;
			sourceTree = "<group>";
		};
		F4B52F201B63608A008D3799 /* etc */ = {
			isa = PBXGroup;
			children = (
				990C654DDF764BA12CE3D0EB /* Pods */,
				F6C816BAB14CA12561B0581E /* Frameworks */,
				F4B52F1F1B63603C008D3799 /* plist */,
				F46854161B3C1FBE00AF461D /* LessonAppPrefixHeader.pch */,
				F46853AE1B3AF62E00AF461D /* main.m */,
				F46853A51B3AF62E00AF461D /* AppDelegate.h */,
				F46853A61B3AF62E00AF461D /* AppDelegate.m */,
				F40560721B3C2F24000B595A /* podfile */,
			);
			name = etc;
			sourceTree = "<group>";
		};
		F4B52F211B6360F6008D3799 /* App */ = {
			isa = PBXGroup;
			children = (
				F46FE0841B683EF50083891A /* View/Controller */,
				F46FE0831B683ECF0083891A /* Model */,
			);
			name = App;
			sourceTree = "<group>";
		};
		F6C816BAB14CA12561B0581E /* Frameworks */ = {
			isa = PBXGroup;
			children = (
				F46B37851B48B2C40051EB8E /* CoreData.framework */,
				F489F81A1B1EA1860077BCFB /* CoreLocation.framework */,
				1B2EF1F18A8D2AF9FD8F8D1B /* libPods.a */,
			);
			name = Frameworks;
			sourceTree = "<group>";
		};
/* End PBXGroup section */

/* Begin PBXNativeTarget section */
		F489F7DE1B1D4EF70077BCFB /* LessonApp */ = {
			isa = PBXNativeTarget;
			buildConfigurationList = F489F8021B1D4EF70077BCFB /* Build configuration list for PBXNativeTarget "LessonApp" */;
			buildPhases = (
				4C4B7140F5559366A40919F0 /* Check Pods Manifest.lock */,
				F489F7DB1B1D4EF70077BCFB /* Sources */,
				F489F7DC1B1D4EF70077BCFB /* Frameworks */,
				F489F7DD1B1D4EF70077BCFB /* Resources */,
				0DA481B6F120C1F427C42732 /* Copy Pods Resources */,
			);
			buildRules = (
			);
			dependencies = (
			);
			name = LessonApp;
			productName = MarketApp;
			productReference = F4B6D0631B4C04C300F1D4DC /* LessonApp.app */;
			productType = "com.apple.product-type.application";
		};
/* End PBXNativeTarget section */

/* Begin PBXProject section */
		F489F7D71B1D4EF60077BCFB /* Project object */ = {
			isa = PBXProject;
			attributes = {
				LastUpgradeCheck = 0630;
				ORGANIZATIONNAME = hirokiumatani;
				TargetAttributes = {
					F489F7DE1B1D4EF70077BCFB = {
						CreatedOnToolsVersion = 6.3;
					};
				};
			};
			buildConfigurationList = F489F7DA1B1D4EF60077BCFB /* Build configuration list for PBXProject "LessonApp" */;
			compatibilityVersion = "Xcode 3.2";
			developmentRegion = English;
			hasScannedForEncodings = 0;
			knownRegions = (
				en,
				Base,
			);
			mainGroup = F489F7D61B1D4EF60077BCFB;
			productRefGroup = F489F7D61B1D4EF60077BCFB;
			projectDirPath = "";
			projectRoot = "";
			targets = (
				F489F7DE1B1D4EF70077BCFB /* LessonApp */,
			);
		};
/* End PBXProject section */

/* Begin PBXResourcesBuildPhase section */
		F489F7DD1B1D4EF70077BCFB /* Resources */ = {
			isa = PBXResourcesBuildPhase;
			buildActionMask = 2147483647;
			files = (
				F477557E1B63FCE40056FEBA /* mario.png in Resources */,
				F46853F11B3AF62E00AF461D /* SignupTableViewCell.xib in Resources */,
				F4061C491B88396E00318F8D /* MoviePropertyList.plist in Resources */,
				F40560731B3C2F24000B595A /* podfile in Resources */,
				F46853DD1B3AF62E00AF461D /* Images.xcassets in Resources */,
				F4B52F261B636B43008D3799 /* MenuPropertyList.plist in Resources */,
				F4B52F281B636E5C008D3799 /* SignupPropertyList.plist in Resources */,
				F46853DB1B3AF62E00AF461D /* LaunchScreen.xib in Resources */,
				F46853DC1B3AF62E00AF461D /* Main.storyboard in Resources */,
			);
			runOnlyForDeploymentPostprocessing = 0;
		};
/* End PBXResourcesBuildPhase section */

/* Begin PBXShellScriptBuildPhase section */
		0DA481B6F120C1F427C42732 /* Copy Pods Resources */ = {
			isa = PBXShellScriptBuildPhase;
			buildActionMask = 2147483647;
			files = (
			);
			inputPaths = (
			);
			name = "Copy Pods Resources";
			outputPaths = (
			);
			runOnlyForDeploymentPostprocessing = 0;
			shellPath = /bin/sh;
			shellScript = "\"${SRCROOT}/Pods/Target Support Files/Pods/Pods-resources.sh\"\n";
			showEnvVarsInLog = 0;
		};
		4C4B7140F5559366A40919F0 /* Check Pods Manifest.lock */ = {
			isa = PBXShellScriptBuildPhase;
			buildActionMask = 2147483647;
			files = (
			);
			inputPaths = (
			);
			name = "Check Pods Manifest.lock";
			outputPaths = (
			);
			runOnlyForDeploymentPostprocessing = 0;
			shellPath = /bin/sh;
			shellScript = "diff \"${PODS_ROOT}/../Podfile.lock\" \"${PODS_ROOT}/Manifest.lock\" > /dev/null\nif [[ $? != 0 ]] ; then\n    cat << EOM\nerror: The sandbox is not in sync with the Podfile.lock. Run 'pod install' or update your CocoaPods installation.\nEOM\n    exit 1\nfi\n";
			showEnvVarsInLog = 0;
		};
/* End PBXShellScriptBuildPhase section */

/* Begin PBXSourcesBuildPhase section */
		F489F7DB1B1D4EF70077BCFB /* Sources */ = {
			isa = PBXSourcesBuildPhase;
			buildActionMask = 2147483647;
			files = (
				F46853F31B3AF62E00AF461D /* MenuTableViewController.m in Sources */,
				F46853E51B3AF62E00AF461D /* SignupEntity.m in Sources */,
				F40D443D1B6490FD005A2029 /* DownLoadMovieCoreDataManager.m in Sources */,
				F46853E01B3AF62E00AF461D /* WebAPIConst.m in Sources */,
				F46854111B3AF69D00AF461D /* Notification.m in Sources */,
				F46167E11B775CBB0066C556 /* BaseContainerviewController.m in Sources */,
				F4DA03051B40247E00E11F93 /* UITableViewCell+extention.m in Sources */,
				F468540D1B3AF69D00AF461D /* HttpFetcher.m in Sources */,
				F4B52F241B63633C008D3799 /* MovieEntity.m in Sources */,
				F46853F51B3AF62E00AF461D /* SignupTableViewController.m in Sources */,
				F454A3A31BCB4A3E008F37CF /* UIColor+extention.m in Sources */,
				F468540F1B3AF69D00AF461D /* LocalServer.m in Sources */,
				F46853E11B3AF62E00AF461D /* MenuEntity.m in Sources */,
				F45962481B3E539900BFFFD2 /* DetailViewController.m in Sources */,
				F4DA030B1B40269200E11F93 /* UIView+extention.m in Sources */,
				F412EC0B1B5D0CC9007FEDD7 /* MovieDownloadController.m in Sources */,
				F44B0F441B5C8C7C00A6B939 /* KeyChainData.m in Sources */,
				F46FE0821B683A330083891A /* MenuPropertyManager.m in Sources */,
				F46853F21B3AF62E00AF461D /* MovieCollectionViewController.m in Sources */,
				F40D442E1B646916005A2029 /* M3U8Serializer.m in Sources */,
				F4061C4C1B883AA000318F8D /* MoviePropertyManager.m in Sources */,
				F42719031B4E9E1400B6521A /* Logger.m in Sources */,
				F468540C1B3AF69D00AF461D /* NSString+Device.m in Sources */,
				F46853F01B3AF62E00AF461D /* SignupTableViewCell.m in Sources */,
				F468540B1B3AF69D00AF461D /* AutoLayout.m in Sources */,
				F468540E1B3AF69D00AF461D /* NSJSONSerialization+Serialize.m in Sources */,
				F468540A1B3AF69D00AF461D /* AnimationView.m in Sources */,
				F46853E81B3AF62E00AF461D /* MovieCollectionViewCell.m in Sources */,
				F4DA03081B4025FF00E11F93 /* UICollectionViewCell+extention.m in Sources */,
				F44B0F4A1B5CB92100A6B939 /* DirectoryFileManager.m in Sources */,
				F46853EC1B3AF62E00AF461D /* WeatherView.m in Sources */,
				F46853F61B3AF62E00AF461D /* TopViewController.m in Sources */,
				F4C81B7A1B482A2F00337B31 /* UIViewController+extention.m in Sources */,
				F46853DF1B3AF62E00AF461D /* main.m in Sources */,
				F46E703A1B6501F200CF0FB5 /* NSData+extention.m in Sources */,
				F46FE0691B6829DF0083891A /* PropertyListManager.m in Sources */,
				F42775381B5204D2008082F8 /* RegularExpression.m in Sources */,
				F46853EA1B3AF62E00AF461D /* MenuTableViewCell.m in Sources */,
				F40D443A1B6490AE005A2029 /* DownLoadMovieCoreDataEntity.m in Sources */,
				F46853E31B3AF62E00AF461D /* WeatherFetcher.m in Sources */,
				F46FE0661B67BB960083891A /* Connection.m in Sources */,
				F44B0F471B5C9F6E00A6B939 /* MovieDownloadFetcher.m in Sources */,
				F46FE06C1B682CAB0083891A /* SignupPropertyManager.m in Sources */,
				F46853F41B3AF62E00AF461D /* WeatherViewController.m in Sources */,
				F46854101B3AF69D00AF461D /* LocationFetcher.m in Sources */,
				F40D44311B6472EE005A2029 /* URLParser.m in Sources */,
				F40D44341B647375005A2029 /* URLEntity.m in Sources */,
				F46B37931B48F35E0051EB8E /* LessonApp.xcdatamodeld in Sources */,
				F4B1A5BE1B47BCC20000CC47 /* Thread.m in Sources */,
				F46853EE1B3AF62E00AF461D /* SignupButtonTableViewCell.m in Sources */,
				F45915361B3E80C20041AAF9 /* MoviePlayerViewController.m in Sources */,
				F46853E21B3AF62E00AF461D /* WeatherEntity.m in Sources */,
				F46853DA1B3AF62E00AF461D /* AppDelegate.m in Sources */,
				F46B37811B48AC0E0051EB8E /* CoreDataManager.m in Sources */,
			);
			runOnlyForDeploymentPostprocessing = 0;
		};
/* End PBXSourcesBuildPhase section */

/* Begin PBXVariantGroup section */
		F46853A81B3AF62E00AF461D /* LaunchScreen.xib */ = {
			isa = PBXVariantGroup;
			children = (
				F46853A91B3AF62E00AF461D /* Base */,
			);
			name = LaunchScreen.xib;
			path = LessonApp/Base.lproj;
			sourceTree = "<group>";
		};
		F46853AA1B3AF62E00AF461D /* Main.storyboard */ = {
			isa = PBXVariantGroup;
			children = (
				F46853AB1B3AF62E00AF461D /* Base */,
			);
			name = Main.storyboard;
			path = LessonApp/Base.lproj;
			sourceTree = "<group>";
		};
/* End PBXVariantGroup section */

/* Begin XCBuildConfiguration section */
		F489F8001B1D4EF70077BCFB /* Debug */ = {
			isa = XCBuildConfiguration;
			buildSettings = {
				ALWAYS_SEARCH_USER_PATHS = NO;
				CLANG_CXX_LANGUAGE_STANDARD = "gnu++0x";
				CLANG_CXX_LIBRARY = "libc++";
				CLANG_ENABLE_MODULES = YES;
				CLANG_ENABLE_OBJC_ARC = YES;
				CLANG_WARN_BOOL_CONVERSION = YES;
				CLANG_WARN_CONSTANT_CONVERSION = YES;
				CLANG_WARN_DIRECT_OBJC_ISA_USAGE = YES_ERROR;
				CLANG_WARN_EMPTY_BODY = YES;
				CLANG_WARN_ENUM_CONVERSION = YES;
				CLANG_WARN_INT_CONVERSION = YES;
				CLANG_WARN_OBJC_ROOT_CLASS = YES_ERROR;
				CLANG_WARN_UNREACHABLE_CODE = YES;
				CLANG_WARN__DUPLICATE_METHOD_MATCH = YES;
				"CODE_SIGN_IDENTITY[sdk=iphoneos*]" = "iPhone Developer";
				COPY_PHASE_STRIP = NO;
				DEBUG_INFORMATION_FORMAT = "dwarf-with-dsym";
				ENABLE_STRICT_OBJC_MSGSEND = YES;
				GCC_C_LANGUAGE_STANDARD = gnu99;
				GCC_DYNAMIC_NO_PIC = NO;
				GCC_NO_COMMON_BLOCKS = YES;
				GCC_OPTIMIZATION_LEVEL = 0;
				GCC_PREPROCESSOR_DEFINITIONS = (
					"DEBUG=1",
					"$(inherited)",
				);
				GCC_SYMBOLS_PRIVATE_EXTERN = NO;
				GCC_WARN_64_TO_32_BIT_CONVERSION = YES;
				GCC_WARN_ABOUT_RETURN_TYPE = YES_ERROR;
				GCC_WARN_UNDECLARED_SELECTOR = YES;
				GCC_WARN_UNINITIALIZED_AUTOS = YES_AGGRESSIVE;
				GCC_WARN_UNUSED_FUNCTION = YES;
				GCC_WARN_UNUSED_VARIABLE = YES;
				IPHONEOS_DEPLOYMENT_TARGET = 7.0;
				MTL_ENABLE_DEBUG_INFO = YES;
				ONLY_ACTIVE_ARCH = YES;
				SDKROOT = iphoneos;
			};
			name = Debug;
		};
		F489F8011B1D4EF70077BCFB /* Release */ = {
			isa = XCBuildConfiguration;
			buildSettings = {
				ALWAYS_SEARCH_USER_PATHS = NO;
				CLANG_CXX_LANGUAGE_STANDARD = "gnu++0x";
				CLANG_CXX_LIBRARY = "libc++";
				CLANG_ENABLE_MODULES = YES;
				CLANG_ENABLE_OBJC_ARC = YES;
				CLANG_WARN_BOOL_CONVERSION = YES;
				CLANG_WARN_CONSTANT_CONVERSION = YES;
				CLANG_WARN_DIRECT_OBJC_ISA_USAGE = YES_ERROR;
				CLANG_WARN_EMPTY_BODY = YES;
				CLANG_WARN_ENUM_CONVERSION = YES;
				CLANG_WARN_INT_CONVERSION = YES;
				CLANG_WARN_OBJC_ROOT_CLASS = YES_ERROR;
				CLANG_WARN_UNREACHABLE_CODE = YES;
				CLANG_WARN__DUPLICATE_METHOD_MATCH = YES;
				"CODE_SIGN_IDENTITY[sdk=iphoneos*]" = "iPhone Developer";
				COPY_PHASE_STRIP = NO;
				DEBUG_INFORMATION_FORMAT = "dwarf-with-dsym";
				ENABLE_NS_ASSERTIONS = NO;
				ENABLE_STRICT_OBJC_MSGSEND = YES;
				GCC_C_LANGUAGE_STANDARD = gnu99;
				GCC_NO_COMMON_BLOCKS = YES;
				GCC_WARN_64_TO_32_BIT_CONVERSION = YES;
				GCC_WARN_ABOUT_RETURN_TYPE = YES_ERROR;
				GCC_WARN_UNDECLARED_SELECTOR = YES;
				GCC_WARN_UNINITIALIZED_AUTOS = YES_AGGRESSIVE;
				GCC_WARN_UNUSED_FUNCTION = YES;
				GCC_WARN_UNUSED_VARIABLE = YES;
				IPHONEOS_DEPLOYMENT_TARGET = 7.0;
				MTL_ENABLE_DEBUG_INFO = NO;
				SDKROOT = iphoneos;
				VALIDATE_PRODUCT = YES;
			};
			name = Release;
		};
		F489F8031B1D4EF70077BCFB /* Debug */ = {
			isa = XCBuildConfiguration;
			baseConfigurationReference = AFAFD21AE9F87D19562F14C9 /* Pods.debug.xcconfig */;
			buildSettings = {
				ASSETCATALOG_COMPILER_APPICON_NAME = AppIcon;
				ASSETCATALOG_COMPILER_LAUNCHIMAGE_NAME = LaunchImage;
				CODE_SIGN_IDENTITY = "iPhone Developer";
				GCC_PREFIX_HEADER = LessonApp/LessonAppPrefixHeader.pch;
				INFOPLIST_FILE = "$(SRCROOT)/LessonApp/Info.plist";
				LD_RUNPATH_SEARCH_PATHS = "$(inherited) @executable_path/Frameworks";
				LIBRARY_SEARCH_PATHS = (
					"$(inherited)",
					"$(PROJECT_DIR)/LessonApp",
				);
				ONLY_ACTIVE_ARCH = YES;
				PRODUCT_NAME = LessonApp;
				TARGETED_DEVICE_FAMILY = "1,2";
			};
			name = Debug;
		};
		F489F8041B1D4EF70077BCFB /* Release */ = {
			isa = XCBuildConfiguration;
			baseConfigurationReference = 605C897D4917DA12EE58A282 /* Pods.release.xcconfig */;
			buildSettings = {
				ASSETCATALOG_COMPILER_APPICON_NAME = AppIcon;
				ASSETCATALOG_COMPILER_LAUNCHIMAGE_NAME = LaunchImage;
				CODE_SIGN_IDENTITY = "iPhone Developer";
				GCC_PREFIX_HEADER = LessonApp/LessonAppPrefixHeader.pch;
				INFOPLIST_FILE = "$(SRCROOT)/LessonApp/Info.plist";
				LD_RUNPATH_SEARCH_PATHS = "$(inherited) @executable_path/Frameworks";
				LIBRARY_SEARCH_PATHS = (
					"$(inherited)",
					"$(PROJECT_DIR)/LessonApp",
				);
				PRODUCT_NAME = LessonApp;
				TARGETED_DEVICE_FAMILY = "1,2";
			};
			name = Release;
		};
/* End XCBuildConfiguration section */

/* Begin XCConfigurationList section */
		F489F7DA1B1D4EF60077BCFB /* Build configuration list for PBXProject "LessonApp" */ = {
			isa = XCConfigurationList;
			buildConfigurations = (
				F489F8001B1D4EF70077BCFB /* Debug */,
				F489F8011B1D4EF70077BCFB /* Release */,
			);
			defaultConfigurationIsVisible = 0;
			defaultConfigurationName = Release;
		};
		F489F8021B1D4EF70077BCFB /* Build configuration list for PBXNativeTarget "LessonApp" */ = {
			isa = XCConfigurationList;
			buildConfigurations = (
				F489F8031B1D4EF70077BCFB /* Debug */,
				F489F8041B1D4EF70077BCFB /* Release */,
			);
			defaultConfigurationIsVisible = 0;
			defaultConfigurationName = Release;
		};
/* End XCConfigurationList section */

/* Begin XCVersionGroup section */
		F46B37911B48F35E0051EB8E /* LessonApp.xcdatamodeld */ = {
			isa = XCVersionGroup;
			children = (
				F46B37921B48F35E0051EB8E /* LessonApp.xcdatamodel */,
			);
			currentVersion = F46B37921B48F35E0051EB8E /* LessonApp.xcdatamodel */;
			path = LessonApp.xcdatamodeld;
			sourceTree = "<group>";
			versionGroupType = wrapper.xcdatamodel;
		};
/* End XCVersionGroup section */
	};
	rootObject = F489F7D71B1D4EF60077BCFB /* Project object */;
}
